
Microsoft Visual Studio Solution File, Format Version 12.00
# Visual Studio 15
VisualStudioVersion = 15.0.27428.1
MinimumVisualStudioVersion = 10.0.40219.1
Project("{FAE04EC0-301F-11D3-BF4B-00C04F79EFBC}") = "calculator", "calculator\calculator.csproj", "{B4C476DA-018D-45F2-8091-1D1381CD8BFD}"
EndProject
Project("{FAE04EC0-301F-11D3-BF4B-00C04F79EFBC}") = "CalculatorTests", "CalculatorTests\CalculatorTests.csproj", "{A9FC052E-B933-4CAE-B265-B7E3577263D3}"
EndProject
Global
	GlobalSection(SolutionConfigurationPlatforms) = preSolution
		Debug|Any CPU = Debug|Any CPU
		Release|Any CPU = Release|Any CPU
	EndGlobalSection
	GlobalSection(ProjectConfigurationPlatforms) = postSolution
		{B4C476DA-018D-45F2-8091-1D1381CD8BFD}.Debug|Any CPU.ActiveCfg = Debug|Any CPU
		{B4C476DA-018D-45F2-8091-1D1381CD8BFD}.Debug|Any CPU.Build.0 = Debug|Any CPU
		{B4C476DA-018D-45F2-8091-1D1381CD8BFD}.Release|Any CPU.ActiveCfg = Release|Any CPU
		{B4C476DA-018D-45F2-8091-1D1381CD8BFD}.Release|Any CPU.Build.0 = Release|Any CPU
		{A9FC052E-B933-4CAE-B265-B7E3577263D3}.Debug|Any CPU.ActiveCfg = Debug|Any CPU
		{A9FC052E-B933-4CAE-B265-B7E3577263D3}.Debug|Any CPU.Build.0 = Debug|Any CPU
		{A9FC052E-B933-4CAE-B265-B7E3577263D3}.Release|Any CPU.ActiveCfg = Release|Any CPU
		{A9FC052E-B933-4CAE-B265-B7E3577263D3}.Release|Any CPU.Build.0 = Release|Any CPU
	EndGlobalSection
	GlobalSection(SolutionProperties) = preSolution
		HideSolutionNode = FALSE
	EndGlobalSection
	GlobalSection(ExtensibilityGlobals) = postSolution
		SolutionGuid = {13A3918A-58B0-4AB0-A847-85666A328B09}
	EndGlobalSection
EndGlobal
